
Microsoft Visual Studio Solution File, Format Version 12.00
# Visual Studio Version 16
VisualStudioVersion = 16.0.30907.101
MinimumVisualStudioVersion = 10.0.40219.1
Project("{FAE04EC0-301F-11D3-BF4B-00C04F79EFBC}") = "BankaMusteriSenaryosu", "BankaMusteriSenaryosu\BankaMusteriSenaryosu.csproj", "{ADA59F9B-7549-47F0-8844-F89CD99988FD}"
EndProject
Global
	GlobalSection(SolutionConfigurationPlatforms) = preSolution
		Debug|Any CPU = Debug|Any CPU
		Release|Any CPU = Release|Any CPU
	EndGlobalSection
	GlobalSection(ProjectConfigurationPlatforms) = postSolution
		{ADA59F9B-7549-47F0-8844-F89CD99988FD}.Debug|Any CPU.ActiveCfg = Debug|Any CPU
		{ADA59F9B-7549-47F0-8844-F89CD99988FD}.Debug|Any CPU.Build.0 = Debug|Any CPU
		{ADA59F9B-7549-47F0-8844-F89CD99988FD}.Release|Any CPU.ActiveCfg = Release|Any CPU
		{ADA59F9B-7549-47F0-8844-F89CD99988FD}.Release|Any CPU.Build.0 = Release|Any CPU
	EndGlobalSection
	GlobalSection(SolutionProperties) = preSolution
		HideSolutionNode = FALSE
	EndGlobalSection
	GlobalSection(ExtensibilityGlobals) = postSolution
		SolutionGuid = {1BE866BC-7164-439B-9F46-EA7FCD4076FB}
	EndGlobalSection
EndGlobal
